{
  "requires": true,
  "lockfileVersion": 1,
  "dependencies": {
    "@itrulia/nova-skeletons": {
      "version": "1.0.1",
      "resolved": "https://registry.npmjs.org/@itrulia/nova-skeletons/-/nova-skeletons-1.0.1.tgz",
      "integrity": "sha512-MeGgpkPWgFqjyq7+TPOGoHrNUHUFYr3Sw5dH+zHGocNQv3Gpmy3+jKM2hlpe5uuGpO+9Flnrkp8egCriOPlJug=="
    }
  }
}
